{
  "version": 4,
  "terraform_version": "1.11.4",
  "serial": 12,
  "lineage": "89581c70-9797-11cf-2b4a-6de8696d6420",
  "outputs": {
    "elastic_ip": {
      "value": "54.92.161.244",
      "type": "string"
    },
    "instance_id": {
      "value": "i-04a9a350c214e8572",
      "type": "string"
    },
    "instance_public_ip": {
      "value": "34.205.27.25",
      "type": "string"
    }
  },
  "resources": [
    {
      "module": "module.ec2_instance",
      "mode": "managed",
      "type": "aws_eip",
      "name": "this",
      "provider": "provider[\"registry.terraform.io/hashicorp/aws\"]",
      "instances": [
        {
          "index_key": 0,
          "schema_version": 0,
          "attributes": {
            "address": null,
            "allocation_id": "eipalloc-0620ce0d6305958d9",
            "arn": "arn:aws:ec2:us-east-1:212500405301:elastic-ip/eipalloc-0620ce0d6305958d9",
            "associate_with_private_ip": null,
            "association_id": "eipassoc-029a3a15ee4e07fb7",
            "carrier_ip": "",
            "customer_owned_ip": "",
            "customer_owned_ipv4_pool": "",
            "domain": "vpc",
            "id": "eipalloc-0620ce0d6305958d9",
            "instance": "i-04a9a350c214e8572",
            "ipam_pool_id": null,
            "network_border_group": "us-east-1",
            "network_interface": "eni-03c9ba942fc07a651",
            "private_dns": "ip-172-31-242-49.ec2.internal",
            "private_ip": "172.31.242.49",
            "ptr_record": "",
            "public_dns": "ec2-54-92-161-244.compute-1.amazonaws.com",
            "public_ip": "54.92.161.244",
            "public_ipv4_pool": "amazon",
            "tags": {
              "Environment": "dev",
              "Name": "example-instance-eip",
              "Project": "terraform-aws-ec2-example"
            },
            "tags_all": {
              "Environment": "dev",
              "Name": "example-instance-eip",
              "Project": "terraform-aws-ec2-example"
            },
            "timeouts": null,
            "vpc": true
          },
          "sensitive_attributes": [],
          "private": "eyJlMmJmYjczMC1lY2FhLTExZTYtOGY4OC0zNDM2M2JjN2M0YzAiOnsiZGVsZXRlIjoxODAwMDAwMDAwMDAsInJlYWQiOjkwMDAwMDAwMDAwMCwidXBkYXRlIjozMDAwMDAwMDAwMDB9fQ==",
          "dependencies": [
            "module.ec2_instance.aws_instance.this"
          ]
        }
      ]
    },
    {
      "module": "module.ec2_instance",
      "mode": "managed",
      "type": "aws_instance",
      "name": "this",
      "provider": "provider[\"registry.terraform.io/hashicorp/aws\"]",
      "instances": [
        {
          "schema_version": 1,
          "attributes": {
            "ami": "ami-084568db4383264d4",
            "arn": "arn:aws:ec2:us-east-1:212500405301:instance/i-04a9a350c214e8572",
            "associate_public_ip_address": true,
            "availability_zone": "us-east-1a",
            "capacity_reservation_specification": [
              {
                "capacity_reservation_preference": "open",
                "capacity_reservation_target": []
              }
            ],
            "cpu_core_count": 1,
            "cpu_options": [
              {
                "amd_sev_snp": "",
                "core_count": 1,
                "threads_per_core": 1
              }
            ],
            "cpu_threads_per_core": 1,
            "credit_specification": [
              {
                "cpu_credits": "standard"
              }
            ],
            "disable_api_stop": false,
            "disable_api_termination": false,
            "ebs_block_device": [],
            "ebs_optimized": false,
            "enable_primary_ipv6": null,
            "enclave_options": [
              {
                "enabled": false
              }
            ],
            "ephemeral_block_device": [],
            "get_password_data": false,
            "hibernation": false,
            "host_id": "",
            "host_resource_group_arn": null,
            "iam_instance_profile": "",
            "id": "i-04a9a350c214e8572",
            "instance_initiated_shutdown_behavior": "stop",
            "instance_lifecycle": "",
            "instance_market_options": [],
            "instance_state": "running",
            "instance_type": "t2.micro",
            "ipv6_address_count": 0,
            "ipv6_addresses": [],
            "key_name": "my-ssh-key",
            "launch_template": [],
            "maintenance_options": [
              {
                "auto_recovery": "default"
              }
            ],
            "metadata_options": [
              {
                "http_endpoint": "enabled",
                "http_protocol_ipv6": "disabled",
                "http_put_response_hop_limit": 1,
                "http_tokens": "required",
                "instance_metadata_tags": "disabled"
              }
            ],
            "monitoring": false,
            "network_interface": [],
            "outpost_arn": "",
            "password_data": "",
            "placement_group": "",
            "placement_partition_number": 0,
            "primary_network_interface_id": "eni-03c9ba942fc07a651",
            "private_dns": "ip-172-31-242-49.ec2.internal",
            "private_dns_name_options": [
              {
                "enable_resource_name_dns_a_record": false,
                "enable_resource_name_dns_aaaa_record": false,
                "hostname_type": "ip-name"
              }
            ],
            "private_ip": "172.31.242.49",
            "public_dns": "ec2-34-205-27-25.compute-1.amazonaws.com",
            "public_ip": "34.205.27.25",
            "root_block_device": [
              {
                "delete_on_termination": true,
                "device_name": "/dev/sda1",
                "encrypted": true,
                "iops": 3000,
                "kms_key_id": "arn:aws:kms:us-east-1:212500405301:key/57691d64-37fe-4ca0-87a4-8f41b80a4831",
                "tags": null,
                "tags_all": {},
                "throughput": 125,
                "volume_id": "vol-08b5fb725ade7f3b7",
                "volume_size": 20,
                "volume_type": "gp3"
              }
            ],
            "secondary_private_ips": [],
            "security_groups": [
              "default"
            ],
            "source_dest_check": true,
            "spot_instance_request_id": "",
            "subnet_id": "subnet-0e7a0d1908ebd0550",
            "tags": {
              "Environment": "dev",
              "Name": "example-instance",
              "Project": "terraform-aws-ec2-example"
            },
            "tags_all": {
              "Environment": "dev",
              "Name": "example-instance",
              "Project": "terraform-aws-ec2-example"
            },
            "tenancy": "default",
            "timeouts": null,
            "user_data": null,
            "user_data_base64": null,
            "user_data_replace_on_change": false,
            "volume_tags": null,
            "vpc_security_group_ids": [
              "sg-095b43202e7541ee0"
            ]
          },
          "sensitive_attributes": [],
          "private": "eyJlMmJmYjczMC1lY2FhLTExZTYtOGY4OC0zNDM2M2JjN2M0YzAiOnsiY3JlYXRlIjo2MDAwMDAwMDAwMDAsImRlbGV0ZSI6MTIwMDAwMDAwMDAwMCwicmVhZCI6OTAwMDAwMDAwMDAwLCJ1cGRhdGUiOjYwMDAwMDAwMDAwMH0sInNjaGVtYV92ZXJzaW9uIjoiMSJ9",
          "create_before_destroy": true
        }
      ]
    },
    {
      "module": "module.ec2_instance",
      "mode": "managed",
      "type": "aws_security_group",
      "name": "launch-wizard-1",
      "provider": "provider[\"registry.terraform.io/hashicorp/aws\"]",
      "instances": [
        {
          "index_key": 0,
          "schema_version": 1,
          "attributes": {
            "arn": "arn:aws:ec2:us-east-1:212500405301:security-group/sg-040230f6ce55313c2",
            "description": "Security group for SSH access to example-instance",
            "egress": [
              {
                "cidr_blocks": [
                  "0.0.0.0/0"
                ],
                "description": "",
                "from_port": 0,
                "ipv6_cidr_blocks": [],
                "prefix_list_ids": [],
                "protocol": "-1",
                "security_groups": [],
                "self": false,
                "to_port": 0
              }
            ],
            "id": "sg-040230f6ce55313c2",
            "ingress": [
              {
                "cidr_blocks": [
                  "102.164.181.195/32"
                ],
                "description": "SSH access",
                "from_port": 22,
                "ipv6_cidr_blocks": [],
                "prefix_list_ids": [],
                "protocol": "tcp",
                "security_groups": [],
                "self": false,
                "to_port": 22
              }
            ],
            "name": "example-instance-ssh-sg",
            "name_prefix": "",
            "owner_id": "212500405301",
            "revoke_rules_on_delete": false,
            "tags": {
              "Environment": "dev",
              "Name": "example-instance-ssh-sg",
              "Project": "terraform-aws-ec2-example"
            },
            "tags_all": {
              "Environment": "dev",
              "Name": "example-instance-ssh-sg",
              "Project": "terraform-aws-ec2-example"
            },
            "timeouts": null,
            "vpc_id": "vpc-0734c73b4f9dbc03c"
          },
          "sensitive_attributes": [],
          "private": "eyJlMmJmYjczMC1lY2FhLTExZTYtOGY4OC0zNDM2M2JjN2M0YzAiOnsiY3JlYXRlIjo2MDAwMDAwMDAwMDAsImRlbGV0ZSI6OTAwMDAwMDAwMDAwfSwic2NoZW1hX3ZlcnNpb24iOiIxIn0="
        }
      ]
    }
  ],
  "check_results": null
}
